<?xml version="1.0" encoding="UTF-8" standalone="yes" ?>
<CodeBlocks_project_file>
	<FileVersion major="1" minor="6" />
	<Project>
		<Option title="CodeFinalProjetMonopoly" />
		<Option pch_mode="2" />
		<Option compiler="gcc" />
		<Build>
			<Target title="Debug">
				<Option output="bin/Debug/CodeFinalProjetMonopoly" prefix_auto="1" extension_auto="1" />
				<Option object_output="obj/Debug/" />
				<Option type="1" />
				<Option compiler="gcc" />
				<Compiler>
					<Add option="-g" />
				</Compiler>
			</Target>
			<Target title="Release">
				<Option output="bin/Release/CodeFinalProjetMonopoly" prefix_auto="1" extension_auto="1" />
				<Option object_output="obj/Release/" />
				<Option type="1" />
				<Option compiler="gcc" />
				<Compiler>
					<Add option="-O2" />
				</Compiler>
				<Linker>
					<Add option="-s" />
				</Linker>
			</Target>
		</Build>
		<Compiler>
			<Add option="-Wall" />
		</Compiler>
		<Unit filename="CarteChance.c">
			<Option compilerVar="CC" />
		</Unit>
		<Unit filename="Creation_Nouveaux_Joueurs.c">
			<Option compilerVar="CC" />
		</Unit>
		<Unit filename="DeplacementDuJoueur.c">
			<Option compilerVar="CC" />
		</Unit>
		<Unit filename="Faillite.c">
			<Option compilerVar="CC" />
		</Unit>
		<Unit filename="GestionDuCurseur.c">
			<Option compilerVar="CC" />
		</Unit>
		<Unit filename="Gestion_Maisons_Hotels.c">
			<Option compilerVar="CC" />
		</Unit>
		<Unit filename="LancementEtGestionDesDes.c">
			<Option compilerVar="CC" />
		</Unit>
		<Unit filename="Menu.c">
			<Option compilerVar="CC" />
		</Unit>
		<Unit filename="OrdreDesJoueurs.c">
			<Option compilerVar="CC" />
		</Unit>
		<Unit filename="Prison.c">
			<Option compilerVar="CC" />
		</Unit>
		<Unit filename="Regles_du_jeu.c">
			<Option compilerVar="CC" />
		</Unit>
		<Unit filename="SaubegardeEtChargement.c">
			<Option compilerVar="CC" />
		</Unit>
		<Unit filename="actionDesCases.c">
			<Option compilerVar="CC" />
		</Unit>
		<Unit filename="carteAllianceSith.c">
			<Option compilerVar="CC" />
		</Unit>
		<Unit filename="couleursDuMonopoly.c">
			<Option compilerVar="CC" />
		</Unit>
		<Unit filename="echanges.c">
			<Option compilerVar="CC" />
		</Unit>
		<Unit filename="header.h" />
		<Unit filename="hypotheque.c">
			<Option compilerVar="CC" />
		</Unit>
		<Unit filename="introductionPartie.c">
			<Option compilerVar="CC" />
		</Unit>
		<Unit filename="main.c">
			<Option compilerVar="CC" />
		</Unit>
		<Unit filename="personnesDuProjet.c">
			<Option compilerVar="CC" />
		</Unit>
		<Unit filename="plateauDeJeu.c">
			<Option compilerVar="CC" />
		</Unit>
		<Unit filename="pleinEcran.c">
			<Option compilerVar="CC" />
		</Unit>
		<Extensions>
			<lib_finder disable_auto="1" />
		</Extensions>
	</Project>
</CodeBlocks_project_file>
